
Microsoft Visual Studio Solution File, Format Version 12.00
# Visual Studio Version 16
VisualStudioVersion = 16.6.30114.105
MinimumVisualStudioVersion = 10.0.40219.1
Project("{2150E333-8FDC-42A3-9474-1A3956D46DE8}") = "01.App", "01.App", "{F1F214DB-3886-441B-A04C-F3C78E8A0DB7}"
EndProject
Project("{2150E333-8FDC-42A3-9474-1A3956D46DE8}") = "02.Models", "02.Models", "{783BAE30-6D14-4076-BB1A-71B223F6C9DB}"
EndProject
Project("{2150E333-8FDC-42A3-9474-1A3956D46DE8}") = "03.DataLayer", "03.DataLayer", "{DE56A6E0-5FF5-40F8-AC79-7D0579956ED9}"
EndProject
Project("{9A19103F-16F7-4668-BE54-9A1E7A4F7556}") = "Models", "src\Models\Models.csproj", "{181E42B1-F66F-4E42-AAAC-C99B53E24938}"
EndProject
Project("{9A19103F-16F7-4668-BE54-9A1E7A4F7556}") = "balin.Repository", "src\balin.Repository\balin.Repository.csproj", "{6BC98BA6-A101-4A7D-946E-D0D8693E878B}"
EndProject
Project("{9A19103F-16F7-4668-BE54-9A1E7A4F7556}") = "Balin.App", "src\Balin.App\Balin.App.csproj", "{791F1761-6F88-4075-B750-9B595F44F6C7}"
EndProject
Global
	GlobalSection(SolutionConfigurationPlatforms) = preSolution
		Debug|Any CPU = Debug|Any CPU
		Release|Any CPU = Release|Any CPU
	EndGlobalSection
	GlobalSection(ProjectConfigurationPlatforms) = postSolution
		{181E42B1-F66F-4E42-AAAC-C99B53E24938}.Debug|Any CPU.ActiveCfg = Debug|Any CPU
		{181E42B1-F66F-4E42-AAAC-C99B53E24938}.Debug|Any CPU.Build.0 = Debug|Any CPU
		{181E42B1-F66F-4E42-AAAC-C99B53E24938}.Release|Any CPU.ActiveCfg = Release|Any CPU
		{181E42B1-F66F-4E42-AAAC-C99B53E24938}.Release|Any CPU.Build.0 = Release|Any CPU
		{6BC98BA6-A101-4A7D-946E-D0D8693E878B}.Debug|Any CPU.ActiveCfg = Debug|Any CPU
		{6BC98BA6-A101-4A7D-946E-D0D8693E878B}.Debug|Any CPU.Build.0 = Debug|Any CPU
		{6BC98BA6-A101-4A7D-946E-D0D8693E878B}.Release|Any CPU.ActiveCfg = Release|Any CPU
		{6BC98BA6-A101-4A7D-946E-D0D8693E878B}.Release|Any CPU.Build.0 = Release|Any CPU
		{791F1761-6F88-4075-B750-9B595F44F6C7}.Debug|Any CPU.ActiveCfg = Debug|Any CPU
		{791F1761-6F88-4075-B750-9B595F44F6C7}.Debug|Any CPU.Build.0 = Debug|Any CPU
		{791F1761-6F88-4075-B750-9B595F44F6C7}.Release|Any CPU.ActiveCfg = Release|Any CPU
		{791F1761-6F88-4075-B750-9B595F44F6C7}.Release|Any CPU.Build.0 = Release|Any CPU
	EndGlobalSection
	GlobalSection(SolutionProperties) = preSolution
		HideSolutionNode = FALSE
	EndGlobalSection
	GlobalSection(NestedProjects) = preSolution
		{181E42B1-F66F-4E42-AAAC-C99B53E24938} = {783BAE30-6D14-4076-BB1A-71B223F6C9DB}
		{6BC98BA6-A101-4A7D-946E-D0D8693E878B} = {DE56A6E0-5FF5-40F8-AC79-7D0579956ED9}
		{791F1761-6F88-4075-B750-9B595F44F6C7} = {F1F214DB-3886-441B-A04C-F3C78E8A0DB7}
	EndGlobalSection
	GlobalSection(ExtensibilityGlobals) = postSolution
		SolutionGuid = {2456F6E6-4926-4226-8C90-7056E8AAF81C}
	EndGlobalSection
EndGlobal
